
Microsoft Visual Studio Solution File, Format Version 12.00
# Visual Studio 15
$(dependency_dependencies)
$(project_dependencies)
Global
	GlobalSection(SolutionConfigurationPlatforms) = preSolution
		$(config) $(type) $(runtime_type)|x64 = $(config) $(type) $(runtime_type)|x64
	EndGlobalSection
	GlobalSection(ProjectConfigurationPlatforms) = postSolution
$(dependency_targets)
$(project_targets)
	EndGlobalSection
	GlobalSection(SolutionProperties) = preSolution
		HideSolutionNode = FALSE
	EndGlobalSection
EndGlobal
