<?xml version="1.0" encoding="utf-8"?>
<Project ToolsVersion="12.0" xmlns="http://schemas.microsoft.com/developer/msbuild/2003">
  <ItemGroup>
$(filters)
  </ItemGroup>
  <ItemGroup>
$(masm_headers)
  </ItemGroup>
  <ItemGroup>
$(masm_sources)
  </ItemGroup>
  <ItemGroup>
$(nasm_headers)
  </ItemGroup>
  <ItemGroup>
$(nasm_sources)
  </ItemGroup>
  <ItemGroup>
$(c_headers)
  </ItemGroup>
  <ItemGroup>
$(c_sources)
  </ItemGroup>
  <ItemGroup>
$(cpp_headers)
  </ItemGroup>
  <ItemGroup>
$(cpp_sources)
  </ItemGroup>
  <ItemGroup>
$(rc_sources)
  </ItemGroup>
  <ItemGroup>
$(resources)
  </ItemGroup>
  <ItemGroup>
$(custom_build_sources)
  </ItemGroup>
</Project>
