
Microsoft Visual Studio Solution File, Format Version 12.00
# Visual Studio 14
$(dependency_dependencies)
$(project_dependencies)
Global
	GlobalSection(SolutionConfigurationPlatforms) = preSolution
		$(config) $(type)|Win32 = $(config) $(type)|Win32
	EndGlobalSection
	GlobalSection(ProjectConfigurationPlatforms) = postSolution
$(dependency_targets)
$(project_targets)
	EndGlobalSection
	GlobalSection(SolutionProperties) = preSolution
		HideSolutionNode = FALSE
	EndGlobalSection
EndGlobal
